
Microsoft Visual Studio Solution File, Format Version 12.00
# Visual Studio 14
VisualStudioVersion = 14.0.25420.1
MinimumVisualStudioVersion = 10.0.40219.1
Project("{FAE04EC0-301F-11D3-BF4B-00C04F79EFBC}") = "CapitalEDI", "CapitalEDI\CapitalEDI.csproj", "{8DFCEEE3-714B-4A68-84F2-BDBE7D3CE93E}"
EndProject
Global
	GlobalSection(SolutionConfigurationPlatforms) = preSolution
		Debug|Any CPU = Debug|Any CPU
		Release|Any CPU = Release|Any CPU
	EndGlobalSection
	GlobalSection(ProjectConfigurationPlatforms) = postSolution
		{8DFCEEE3-714B-4A68-84F2-BDBE7D3CE93E}.Debug|Any CPU.ActiveCfg = Debug|Any CPU
		{8DFCEEE3-714B-4A68-84F2-BDBE7D3CE93E}.Debug|Any CPU.Build.0 = Debug|Any CPU
		{8DFCEEE3-714B-4A68-84F2-BDBE7D3CE93E}.Release|Any CPU.ActiveCfg = Release|Any CPU
		{8DFCEEE3-714B-4A68-84F2-BDBE7D3CE93E}.Release|Any CPU.Build.0 = Release|Any CPU
	EndGlobalSection
	GlobalSection(SolutionProperties) = preSolution
		HideSolutionNode = FALSE
	EndGlobalSection
	GlobalSection(TeamFoundationVersionControl) = preSolution
		SccNumberOfProjects = 2
		SccEnterpriseProvider = {4CA58AB2-18FA-4F8D-95D4-32DDF27D184C}
		SccTeamFoundationServer = https://ingram10.visualstudio.com/
		SccLocalPath0 = .
		SccProjectUniqueName1 = CapitalEDI\\CapitalEDI.csproj
		SccProjectName1 = CapitalEDI
		SccLocalPath1 = CapitalEDI
	EndGlobalSection
EndGlobal
